{
    "version": 3,
    "terraform_version": "0.11.3",
    "serial": 4,
    "lineage": "46bda6ad-279b-4b13-81a8-11bdf89a2985",
    "modules": [
        {
            "path": [
                "root"
            ],
            "outputs": {},
            "resources": {},
            "depends_on": []
        },
        {
            "path": [
                "root",
                "autoscaling_groups"
            ],
            "outputs": {
                "asg_id": {
                    "sensitive": false,
                    "type": "string",
                    "value": "webapp_asg-terraform-20180228185124300000000002_prod"
                },
                "asg_id1": {
                    "sensitive": false,
                    "type": "string",
                    "value": "app_asg-terraform-20180228185124273500000001-_prod"
                }
            },
            "resources": {
                "aws_autoscaling_group.app_asg": {
                    "type": "aws_autoscaling_group",
                    "depends_on": [],
                    "primary": {
                        "id": "app_asg-terraform-20180228185124273500000001-_prod",
                        "attributes": {
                            "arn": "arn:aws:autoscaling:us-west-2:923515617915:autoScalingGroup:397a7d02-2009-4a15-8f75-b8d33ee37125:autoScalingGroupName/app_asg-terraform-20180228185124273500000001-_prod",
                            "availability_zones.#": "1",
                            "availability_zones.221770259": "us-west-2b",
                            "default_cooldown": "300",
                            "desired_capacity": "2",
                            "force_delete": "true",
                            "health_check_grace_period": "300",
                            "health_check_type": "EC2",
                            "id": "app_asg-terraform-20180228185124273500000001-_prod",
                            "launch_configuration": "terraform-20180228185124273500000001",
                            "load_balancers.#": "1",
                            "load_balancers.4285583428": "demo-webapp-elb1",
                            "max_size": "2",
                            "metrics_granularity": "1Minute",
                            "min_size": "2",
                            "name": "app_asg-terraform-20180228185124273500000001-_prod",
                            "placement_group": "",
                            "protect_from_scale_in": "false",
                            "suspended_processes.#": "0",
                            "tag.#": "1",
                            "tag.2193343031.key": "Name",
                            "tag.2193343031.propagate_at_launch": "true",
                            "tag.2193343031.value": "server-2b-prod",
                            "target_group_arns.#": "0",
                            "termination_policies.#": "0",
                            "vpc_zone_identifier.#": "1",
                            "vpc_zone_identifier.1320359906": "subnet-14ac595f",
                            "wait_for_capacity_timeout": "10m",
                            "wait_for_elb_capacity": "0"
                        },
                        "meta": {
                            "e2bfb730-ecaa-11e6-8f88-34363bc7c4c0": {
                                "delete": 600000000000
                            }
                        },
                        "tainted": false
                    },
                    "deposed": [],
                    "provider": "provider.aws"
                },
                "aws_autoscaling_group.webapp_asg": {
                    "type": "aws_autoscaling_group",
                    "depends_on": [],
                    "primary": {
                        "id": "webapp_asg-terraform-20180228185124300000000002_prod",
                        "attributes": {
                            "arn": "arn:aws:autoscaling:us-west-2:923515617915:autoScalingGroup:9b4f0c23-37b4-4620-b46c-fd09a77b8a2b:autoScalingGroupName/webapp_asg-terraform-20180228185124300000000002_prod",
                            "availability_zones.#": "1",
                            "availability_zones.2487133097": "us-west-2a",
                            "default_cooldown": "300",
                            "desired_capacity": "2",
                            "force_delete": "true",
                            "health_check_grace_period": "300",
                            "health_check_type": "EC2",
                            "id": "webapp_asg-terraform-20180228185124300000000002_prod",
                            "launch_configuration": "terraform-20180228185124300000000002",
                            "load_balancers.#": "1",
                            "load_balancers.1892697294": "demo-webapp-elb",
                            "max_size": "2",
                            "metrics_granularity": "1Minute",
                            "min_size": "2",
                            "name": "webapp_asg-terraform-20180228185124300000000002_prod",
                            "placement_group": "",
                            "protect_from_scale_in": "false",
                            "suspended_processes.#": "0",
                            "tag.#": "1",
                            "tag.4112847047.key": "Name",
                            "tag.4112847047.propagate_at_launch": "true",
                            "tag.4112847047.value": "server-2a-prod",
                            "target_group_arns.#": "0",
                            "termination_policies.#": "0",
                            "vpc_zone_identifier.#": "1",
                            "vpc_zone_identifier.3064077743": "subnet-b63ff4cf",
                            "wait_for_capacity_timeout": "10m",
                            "wait_for_elb_capacity": "0"
                        },
                        "meta": {
                            "e2bfb730-ecaa-11e6-8f88-34363bc7c4c0": {
                                "delete": 600000000000
                            }
                        },
                        "tainted": false
                    },
                    "deposed": [],
                    "provider": "provider.aws"
                },
                "aws_autoscaling_policy.scale_down": {
                    "type": "aws_autoscaling_policy",
                    "depends_on": [
                        "aws_autoscaling_group.webapp_asg"
                    ],
                    "primary": {
                        "id": "terraform_asg_scale_down",
                        "attributes": {
                            "adjustment_type": "ChangeInCapacity",
                            "arn": "arn:aws:autoscaling:us-west-2:923515617915:scalingPolicy:0eb2b121-bace-44bd-85d1-1db57d3c9ad8:autoScalingGroupName/webapp_asg-terraform-20180228185124300000000002_prod:policyName/terraform_asg_scale_down",
                            "autoscaling_group_name": "webapp_asg-terraform-20180228185124300000000002_prod",
                            "cooldown": "600",
                            "estimated_instance_warmup": "0",
                            "id": "terraform_asg_scale_down",
                            "metric_aggregation_type": "",
                            "min_adjustment_step": "0",
                            "name": "terraform_asg_scale_down",
                            "policy_type": "SimpleScaling",
                            "scaling_adjustment": "-1",
                            "step_adjustment.#": "0",
                            "target_tracking_configuration.#": "0"
                        },
                        "meta": {},
                        "tainted": false
                    },
                    "deposed": [],
                    "provider": "provider.aws"
                },
                "aws_autoscaling_policy.scale_down1": {
                    "type": "aws_autoscaling_policy",
                    "depends_on": [
                        "aws_autoscaling_group.app_asg"
                    ],
                    "primary": {
                        "id": "terraform_asg_scale_down",
                        "attributes": {
                            "adjustment_type": "ChangeInCapacity",
                            "arn": "arn:aws:autoscaling:us-west-2:923515617915:scalingPolicy:96ce2ac7-28fe-46de-8c58-f04380189987:autoScalingGroupName/app_asg-terraform-20180228185124273500000001-_prod:policyName/terraform_asg_scale_down",
                            "autoscaling_group_name": "app_asg-terraform-20180228185124273500000001-_prod",
                            "cooldown": "600",
                            "estimated_instance_warmup": "0",
                            "id": "terraform_asg_scale_down",
                            "metric_aggregation_type": "",
                            "min_adjustment_step": "0",
                            "name": "terraform_asg_scale_down",
                            "policy_type": "SimpleScaling",
                            "scaling_adjustment": "-1",
                            "step_adjustment.#": "0",
                            "target_tracking_configuration.#": "0"
                        },
                        "meta": {},
                        "tainted": false
                    },
                    "deposed": [],
                    "provider": "provider.aws"
                },
                "aws_autoscaling_policy.scale_up": {
                    "type": "aws_autoscaling_policy",
                    "depends_on": [
                        "aws_autoscaling_group.webapp_asg"
                    ],
                    "primary": {
                        "id": "terraform_asg_scale_up",
                        "attributes": {
                            "adjustment_type": "ChangeInCapacity",
                            "arn": "arn:aws:autoscaling:us-west-2:923515617915:scalingPolicy:350b51f9-1deb-4bf3-9c35-f6764e74dbb4:autoScalingGroupName/webapp_asg-terraform-20180228185124300000000002_prod:policyName/terraform_asg_scale_up",
                            "autoscaling_group_name": "webapp_asg-terraform-20180228185124300000000002_prod",
                            "cooldown": "300",
                            "estimated_instance_warmup": "0",
                            "id": "terraform_asg_scale_up",
                            "metric_aggregation_type": "",
                            "min_adjustment_step": "0",
                            "name": "terraform_asg_scale_up",
                            "policy_type": "SimpleScaling",
                            "scaling_adjustment": "2",
                            "step_adjustment.#": "0",
                            "target_tracking_configuration.#": "0"
                        },
                        "meta": {},
                        "tainted": false
                    },
                    "deposed": [],
                    "provider": "provider.aws"
                },
                "aws_autoscaling_policy.scale_up1": {
                    "type": "aws_autoscaling_policy",
                    "depends_on": [
                        "aws_autoscaling_group.app_asg"
                    ],
                    "primary": {
                        "id": "terraform_asg_scale_up",
                        "attributes": {
                            "adjustment_type": "ChangeInCapacity",
                            "arn": "arn:aws:autoscaling:us-west-2:923515617915:scalingPolicy:653d43cc-adcb-4879-a9c8-e57a8ca43fa8:autoScalingGroupName/app_asg-terraform-20180228185124273500000001-_prod:policyName/terraform_asg_scale_up",
                            "autoscaling_group_name": "app_asg-terraform-20180228185124273500000001-_prod",
                            "cooldown": "300",
                            "estimated_instance_warmup": "0",
                            "id": "terraform_asg_scale_up",
                            "metric_aggregation_type": "",
                            "min_adjustment_step": "0",
                            "name": "terraform_asg_scale_up",
                            "policy_type": "SimpleScaling",
                            "scaling_adjustment": "2",
                            "step_adjustment.#": "0",
                            "target_tracking_configuration.#": "0"
                        },
                        "meta": {},
                        "tainted": false
                    },
                    "deposed": [],
                    "provider": "provider.aws"
                },
                "aws_cloudwatch_metric_alarm.scale_down_alarm": {
                    "type": "aws_cloudwatch_metric_alarm",
                    "depends_on": [
                        "aws_autoscaling_group.webapp_asg",
                        "aws_autoscaling_policy.scale_down"
                    ],
                    "primary": {
                        "id": "terraform-demo-low-asg-cpu",
                        "attributes": {
                            "actions_enabled": "true",
                            "alarm_actions.#": "1",
                            "alarm_actions.3721312455": "arn:aws:autoscaling:us-west-2:923515617915:scalingPolicy:0eb2b121-bace-44bd-85d1-1db57d3c9ad8:autoScalingGroupName/webapp_asg-terraform-20180228185124300000000002_prod:policyName/terraform_asg_scale_down",
                            "alarm_description": "EC2 CPU Utilization",
                            "alarm_name": "terraform-demo-low-asg-cpu",
                            "comparison_operator": "LessThanThreshold",
                            "datapoints_to_alarm": "0",
                            "dimensions.%": "1",
                            "dimensions.AutoScalingGroupName": "webapp_asg-terraform-20180228185124300000000002_prod",
                            "evaluate_low_sample_count_percentiles": "",
                            "evaluation_periods": "5",
                            "extended_statistic": "",
                            "id": "terraform-demo-low-asg-cpu",
                            "insufficient_data_actions.#": "0",
                            "metric_name": "CPUUtilization",
                            "namespace": "AWS/EC2",
                            "ok_actions.#": "0",
                            "period": "120",
                            "statistic": "Average",
                            "threshold": "30",
                            "treat_missing_data": "missing",
                            "unit": ""
                        },
                        "meta": {
                            "schema_version": "1"
                        },
                        "tainted": false
                    },
                    "deposed": [],
                    "provider": "provider.aws"
                },
                "aws_cloudwatch_metric_alarm.scale_down_alarm1": {
                    "type": "aws_cloudwatch_metric_alarm",
                    "depends_on": [
                        "aws_autoscaling_group.app_asg",
                        "aws_autoscaling_policy.scale_down1"
                    ],
                    "primary": {
                        "id": "terraform-demo-low-asg-cpu",
                        "attributes": {
                            "actions_enabled": "true",
                            "alarm_actions.#": "1",
                            "alarm_actions.752061934": "arn:aws:autoscaling:us-west-2:923515617915:scalingPolicy:96ce2ac7-28fe-46de-8c58-f04380189987:autoScalingGroupName/app_asg-terraform-20180228185124273500000001-_prod:policyName/terraform_asg_scale_down",
                            "alarm_description": "EC2 CPU Utilization",
                            "alarm_name": "terraform-demo-low-asg-cpu",
                            "comparison_operator": "LessThanThreshold",
                            "datapoints_to_alarm": "0",
                            "dimensions.%": "1",
                            "dimensions.AutoScalingGroupName": "app_asg-terraform-20180228185124273500000001-_prod",
                            "evaluate_low_sample_count_percentiles": "",
                            "evaluation_periods": "5",
                            "extended_statistic": "",
                            "id": "terraform-demo-low-asg-cpu",
                            "insufficient_data_actions.#": "0",
                            "metric_name": "CPUUtilization",
                            "namespace": "AWS/EC2",
                            "ok_actions.#": "0",
                            "period": "120",
                            "statistic": "Average",
                            "threshold": "30",
                            "treat_missing_data": "missing",
                            "unit": ""
                        },
                        "meta": {
                            "schema_version": "1"
                        },
                        "tainted": false
                    },
                    "deposed": [],
                    "provider": "provider.aws"
                },
                "aws_cloudwatch_metric_alarm.scale_up_alarm": {
                    "type": "aws_cloudwatch_metric_alarm",
                    "depends_on": [
                        "aws_autoscaling_group.webapp_asg",
                        "aws_autoscaling_policy.scale_up"
                    ],
                    "primary": {
                        "id": "terraform-demo-high-asg-cpu",
                        "attributes": {
                            "actions_enabled": "true",
                            "alarm_actions.#": "1",
                            "alarm_actions.3779053211": "arn:aws:autoscaling:us-west-2:923515617915:scalingPolicy:350b51f9-1deb-4bf3-9c35-f6764e74dbb4:autoScalingGroupName/webapp_asg-terraform-20180228185124300000000002_prod:policyName/terraform_asg_scale_up",
                            "alarm_description": "EC2 CPU Utilization",
                            "alarm_name": "terraform-demo-high-asg-cpu",
                            "comparison_operator": "GreaterThanThreshold",
                            "datapoints_to_alarm": "0",
                            "dimensions.%": "1",
                            "dimensions.AutoScalingGroupName": "webapp_asg-terraform-20180228185124300000000002_prod",
                            "evaluate_low_sample_count_percentiles": "",
                            "evaluation_periods": "2",
                            "extended_statistic": "",
                            "id": "terraform-demo-high-asg-cpu",
                            "insufficient_data_actions.#": "0",
                            "metric_name": "CPUUtilization",
                            "namespace": "AWS/EC2-prod",
                            "ok_actions.#": "0",
                            "period": "120",
                            "statistic": "Average",
                            "threshold": "80",
                            "treat_missing_data": "missing",
                            "unit": ""
                        },
                        "meta": {
                            "schema_version": "1"
                        },
                        "tainted": false
                    },
                    "deposed": [],
                    "provider": "provider.aws"
                },
                "aws_cloudwatch_metric_alarm.scale_up_alarm1": {
                    "type": "aws_cloudwatch_metric_alarm",
                    "depends_on": [
                        "aws_autoscaling_group.app_asg",
                        "aws_autoscaling_policy.scale_up1"
                    ],
                    "primary": {
                        "id": "terraform-demo-high-asg-cpu",
                        "attributes": {
                            "actions_enabled": "true",
                            "alarm_actions.#": "1",
                            "alarm_actions.3823112409": "arn:aws:autoscaling:us-west-2:923515617915:scalingPolicy:653d43cc-adcb-4879-a9c8-e57a8ca43fa8:autoScalingGroupName/app_asg-terraform-20180228185124273500000001-_prod:policyName/terraform_asg_scale_up",
                            "alarm_description": "EC2 CPU Utilization",
                            "alarm_name": "terraform-demo-high-asg-cpu",
                            "comparison_operator": "GreaterThanThreshold",
                            "datapoints_to_alarm": "0",
                            "dimensions.%": "1",
                            "dimensions.AutoScalingGroupName": "app_asg-terraform-20180228185124273500000001-_prod",
                            "evaluate_low_sample_count_percentiles": "",
                            "evaluation_periods": "2",
                            "extended_statistic": "",
                            "id": "terraform-demo-high-asg-cpu",
                            "insufficient_data_actions.#": "0",
                            "metric_name": "CPUUtilization",
                            "namespace": "AWS/EC2-prod",
                            "ok_actions.#": "0",
                            "period": "120",
                            "statistic": "Average",
                            "threshold": "80",
                            "treat_missing_data": "missing",
                            "unit": ""
                        },
                        "meta": {
                            "schema_version": "1"
                        },
                        "tainted": false
                    },
                    "deposed": [],
                    "provider": "provider.aws"
                }
            },
            "depends_on": []
        },
        {
            "path": [
                "root",
                "instances"
            ],
            "outputs": {},
            "resources": {
                "aws_eip.bastion": {
                    "type": "aws_eip",
                    "depends_on": [
                        "aws_instance.bastion"
                    ],
                    "primary": {
                        "id": "eipalloc-e0fa3edc",
                        "attributes": {
                            "association_id": "eipassoc-00a170fc",
                            "domain": "vpc",
                            "id": "eipalloc-e0fa3edc",
                            "instance": "i-04343b8480a736169",
                            "network_interface": "eni-5a06bc7e",
                            "private_ip": "15.0.0.250",
                            "public_ip": "34.210.38.193",
                            "tags.%": "0",
                            "vpc": "true"
                        },
                        "meta": {},
                        "tainted": false
                    },
                    "deposed": [],
                    "provider": "provider.aws"
                },
                "aws_eip.bastion1": {
                    "type": "aws_eip",
                    "depends_on": [
                        "aws_instance.bastion1"
                    ],
                    "primary": {
                        "id": "eipalloc-c1f83cfd",
                        "attributes": {
                            "association_id": "eipassoc-c93dc004",
                            "domain": "vpc",
                            "id": "eipalloc-c1f83cfd",
                            "instance": "i-066b76a63c12f5db0",
                            "network_interface": "eni-81c666b6",
                            "private_ip": "15.0.3.156",
                            "public_ip": "35.167.0.212",
                            "tags.%": "0",
                            "vpc": "true"
                        },
                        "meta": {},
                        "tainted": false
                    },
                    "deposed": [],
                    "provider": "provider.aws"
                },
                "aws_instance.bastion": {
                    "type": "aws_instance",
                    "depends_on": [],
                    "primary": {
                        "id": "i-04343b8480a736169",
                        "attributes": {
                            "ami": "ami-79873901",
                            "associate_public_ip_address": "true",
                            "availability_zone": "us-west-2a",
                            "disable_api_termination": "false",
                            "ebs_block_device.#": "0",
                            "ebs_optimized": "false",
                            "ephemeral_block_device.#": "0",
                            "iam_instance_profile": "",
                            "id": "i-04343b8480a736169",
                            "instance_state": "running",
                            "instance_type": "t2.small",
                            "ipv6_addresses.#": "0",
                            "key_name": "siva",
                            "monitoring": "false",
                            "network_interface.#": "0",
                            "network_interface_id": "eni-5a06bc7e",
                            "placement_group": "",
                            "primary_network_interface_id": "eni-5a06bc7e",
                            "private_dns": "ip-15-0-0-250.us-west-2.compute.internal",
                            "private_ip": "15.0.0.250",
                            "public_dns": "ec2-34-210-38-193.us-west-2.compute.amazonaws.com",
                            "public_ip": "34.210.38.193",
                            "root_block_device.#": "1",
                            "root_block_device.0.delete_on_termination": "true",
                            "root_block_device.0.iops": "100",
                            "root_block_device.0.volume_id": "vol-0e823488e3de69cf1",
                            "root_block_device.0.volume_size": "8",
                            "root_block_device.0.volume_type": "gp2",
                            "security_groups.#": "0",
                            "source_dest_check": "true",
                            "subnet_id": "subnet-f33ff48a",
                            "tags.%": "1",
                            "tags.Name": "bastion_instances_2a_prod",
                            "tenancy": "default",
                            "volume_tags.%": "0",
                            "vpc_security_group_ids.#": "1",
                            "vpc_security_group_ids.1586217560": "sg-af6526d0"
                        },
                        "meta": {
                            "e2bfb730-ecaa-11e6-8f88-34363bc7c4c0": {
                                "create": 600000000000,
                                "delete": 1200000000000,
                                "update": 600000000000
                            },
                            "schema_version": "1"
                        },
                        "tainted": false
                    },
                    "deposed": [],
                    "provider": "provider.aws"
                },
                "aws_instance.bastion1": {
                    "type": "aws_instance",
                    "depends_on": [],
                    "primary": {
                        "id": "i-066b76a63c12f5db0",
                        "attributes": {
                            "ami": "ami-79873901",
                            "associate_public_ip_address": "true",
                            "availability_zone": "us-west-2b",
                            "disable_api_termination": "false",
                            "ebs_block_device.#": "0",
                            "ebs_optimized": "false",
                            "ephemeral_block_device.#": "0",
                            "iam_instance_profile": "",
                            "id": "i-066b76a63c12f5db0",
                            "instance_state": "running",
                            "instance_type": "t2.small",
                            "ipv6_addresses.#": "0",
                            "key_name": "siva",
                            "monitoring": "false",
                            "network_interface.#": "0",
                            "network_interface_id": "eni-81c666b6",
                            "placement_group": "",
                            "primary_network_interface_id": "eni-81c666b6",
                            "private_dns": "ip-15-0-3-156.us-west-2.compute.internal",
                            "private_ip": "15.0.3.156",
                            "public_dns": "ec2-54-187-135-240.us-west-2.compute.amazonaws.com",
                            "public_ip": "54.187.135.240",
                            "root_block_device.#": "1",
                            "root_block_device.0.delete_on_termination": "true",
                            "root_block_device.0.iops": "100",
                            "root_block_device.0.volume_id": "vol-0892b80b12d356557",
                            "root_block_device.0.volume_size": "8",
                            "root_block_device.0.volume_type": "gp2",
                            "security_groups.#": "0",
                            "source_dest_check": "true",
                            "subnet_id": "subnet-a99663e2",
                            "tags.%": "1",
                            "tags.Name": "bastion_instances_2b_prod",
                            "tenancy": "default",
                            "volume_tags.%": "0",
                            "vpc_security_group_ids.#": "1",
                            "vpc_security_group_ids.1586217560": "sg-af6526d0"
                        },
                        "meta": {
                            "e2bfb730-ecaa-11e6-8f88-34363bc7c4c0": {
                                "create": 600000000000,
                                "delete": 1200000000000,
                                "update": 600000000000
                            },
                            "schema_version": "1"
                        },
                        "tainted": false
                    },
                    "deposed": [],
                    "provider": "provider.aws"
                },
                "aws_instance.redis_server_instance": {
                    "type": "aws_instance",
                    "depends_on": [],
                    "primary": {
                        "id": "i-0ec4cb02b17a54263",
                        "attributes": {
                            "ami": "ami-79873901",
                            "associate_public_ip_address": "false",
                            "availability_zone": "us-west-2a",
                            "disable_api_termination": "false",
                            "ebs_block_device.#": "0",
                            "ebs_optimized": "false",
                            "ephemeral_block_device.#": "0",
                            "iam_instance_profile": "",
                            "id": "i-0ec4cb02b17a54263",
                            "instance_state": "running",
                            "instance_type": "t2.small",
                            "ipv6_addresses.#": "0",
                            "key_name": "siva",
                            "monitoring": "false",
                            "network_interface.#": "0",
                            "network_interface_id": "eni-a106bc85",
                            "placement_group": "",
                            "primary_network_interface_id": "eni-a106bc85",
                            "private_dns": "ip-15-0-1-211.us-west-2.compute.internal",
                            "private_ip": "15.0.1.211",
                            "public_dns": "",
                            "public_ip": "",
                            "root_block_device.#": "1",
                            "root_block_device.0.delete_on_termination": "true",
                            "root_block_device.0.iops": "100",
                            "root_block_device.0.volume_id": "vol-07f439a7b91e79b6a",
                            "root_block_device.0.volume_size": "8",
                            "root_block_device.0.volume_type": "gp2",
                            "security_groups.#": "0",
                            "source_dest_check": "true",
                            "subnet_id": "subnet-b63ff4cf",
                            "tags.%": "1",
                            "tags.Name": "redis-server%_prod",
                            "tenancy": "default",
                            "volume_tags.%": "0",
                            "vpc_security_group_ids.#": "2",
                            "vpc_security_group_ids.1934365346": "sg-cc6122b3",
                            "vpc_security_group_ids.3807793592": "sg-986023e7"
                        },
                        "meta": {
                            "e2bfb730-ecaa-11e6-8f88-34363bc7c4c0": {
                                "create": 600000000000,
                                "delete": 1200000000000,
                                "update": 600000000000
                            },
                            "schema_version": "1"
                        },
                        "tainted": false
                    },
                    "deposed": [],
                    "provider": "provider.aws"
                }
            },
            "depends_on": []
        },
        {
            "path": [
                "root",
                "launch_configurations"
            ],
            "outputs": {
                "webapp_lc_id": {
                    "sensitive": false,
                    "type": "string",
                    "value": "terraform-20180228185124300000000002"
                },
                "webapp_lc_name": {
                    "sensitive": false,
                    "type": "string",
                    "value": "terraform-20180228185124300000000002"
                },
                "webapp_lcc_id1": {
                    "sensitive": false,
                    "type": "string",
                    "value": "terraform-20180228185124273500000001"
                },
                "webapp_lcc_name1": {
                    "sensitive": false,
                    "type": "string",
                    "value": "terraform-20180228185124273500000001"
                }
            },
            "resources": {
                "aws_launch_configuration.webapp_lc": {
                    "type": "aws_launch_configuration",
                    "depends_on": [],
                    "primary": {
                        "id": "terraform-20180228185124300000000002",
                        "attributes": {
                            "associate_public_ip_address": "false",
                            "ebs_block_device.#": "0",
                            "ebs_optimized": "false",
                            "enable_monitoring": "true",
                            "ephemeral_block_device.#": "0",
                            "iam_instance_profile": "",
                            "id": "terraform-20180228185124300000000002",
                            "image_id": "ami-79873901",
                            "instance_type": "t2.nano",
                            "key_name": "siva",
                            "name": "terraform-20180228185124300000000002",
                            "root_block_device.#": "0",
                            "security_groups.#": "3",
                            "security_groups.2732061811": "sg-5164272e",
                            "security_groups.332519423": "sg-036a297c",
                            "security_groups.4160228601": "sg-886427f7",
                            "spot_price": "",
                            "user_data": "38031cdd5e53a46ca4e2e6b183fbb3308f5a282b",
                            "vpc_classic_link_id": "",
                            "vpc_classic_link_security_groups.#": "0"
                        },
                        "meta": {},
                        "tainted": false
                    },
                    "deposed": [],
                    "provider": "provider.aws"
                },
                "aws_launch_configuration.webapp_lcc": {
                    "type": "aws_launch_configuration",
                    "depends_on": [],
                    "primary": {
                        "id": "terraform-20180228185124273500000001",
                        "attributes": {
                            "associate_public_ip_address": "false",
                            "ebs_block_device.#": "0",
                            "ebs_optimized": "false",
                            "enable_monitoring": "true",
                            "ephemeral_block_device.#": "0",
                            "iam_instance_profile": "",
                            "id": "terraform-20180228185124273500000001",
                            "image_id": "ami-79873901",
                            "instance_type": "t2.nano",
                            "key_name": "siva",
                            "name": "terraform-20180228185124273500000001",
                            "root_block_device.#": "0",
                            "security_groups.#": "3",
                            "security_groups.2732061811": "sg-5164272e",
                            "security_groups.332519423": "sg-036a297c",
                            "security_groups.4160228601": "sg-886427f7",
                            "spot_price": "",
                            "user_data": "38031cdd5e53a46ca4e2e6b183fbb3308f5a282b",
                            "vpc_classic_link_id": "",
                            "vpc_classic_link_security_groups.#": "0"
                        },
                        "meta": {},
                        "tainted": false
                    },
                    "deposed": [],
                    "provider": "provider.aws"
                }
            },
            "depends_on": []
        },
        {
            "path": [
                "root",
                "load_balancers"
            ],
            "outputs": {
                "webapp_elb_name": {
                    "sensitive": false,
                    "type": "string",
                    "value": "demo-webapp-elb"
                },
                "webapp_elb_name1": {
                    "sensitive": false,
                    "type": "string",
                    "value": "demo-webapp-elb1"
                }
            },
            "resources": {
                "aws_elb.webapp_elb_name": {
                    "type": "aws_elb",
                    "depends_on": [],
                    "primary": {
                        "id": "demo-webapp-elb",
                        "attributes": {
                            "access_logs.#": "0",
                            "arn": "arn:aws:elasticloadbalancing:us-west-2:923515617915:loadbalancer/demo-webapp-elb",
                            "availability_zones.#": "1",
                            "availability_zones.2487133097": "us-west-2a",
                            "connection_draining": "false",
                            "connection_draining_timeout": "300",
                            "cross_zone_load_balancing": "true",
                            "dns_name": "demo-webapp-elb-894788178.us-west-2.elb.amazonaws.com",
                            "health_check.#": "1",
                            "health_check.0.healthy_threshold": "2",
                            "health_check.0.interval": "10",
                            "health_check.0.target": "HTTP:80/",
                            "health_check.0.timeout": "3",
                            "health_check.0.unhealthy_threshold": "2",
                            "id": "demo-webapp-elb",
                            "idle_timeout": "60",
                            "instances.#": "2",
                            "instances.3264651116": "i-0f6f3f27deb23aa9b",
                            "instances.710746350": "i-03f06905a64aa43a9",
                            "internal": "false",
                            "listener.#": "1",
                            "listener.3057123346.instance_port": "80",
                            "listener.3057123346.instance_protocol": "http",
                            "listener.3057123346.lb_port": "80",
                            "listener.3057123346.lb_protocol": "http",
                            "listener.3057123346.ssl_certificate_id": "",
                            "name": "demo-webapp-elb",
                            "security_groups.#": "1",
                            "security_groups.2732061811": "sg-5164272e",
                            "source_security_group": "923515617915/demo_webapp_http_inbound",
                            "source_security_group_id": "sg-5164272e",
                            "subnets.#": "1",
                            "subnets.2818256334": "subnet-f33ff48a",
                            "tags.%": "1",
                            "tags.Name": "terraform_elb",
                            "zone_id": "Z1H1FL5HABSF5"
                        },
                        "meta": {},
                        "tainted": false
                    },
                    "deposed": [],
                    "provider": "provider.aws"
                },
                "aws_elb.webapp_elb_name1": {
                    "type": "aws_elb",
                    "depends_on": [],
                    "primary": {
                        "id": "demo-webapp-elb1",
                        "attributes": {
                            "access_logs.#": "0",
                            "arn": "arn:aws:elasticloadbalancing:us-west-2:923515617915:loadbalancer/demo-webapp-elb1",
                            "availability_zones.#": "1",
                            "availability_zones.2487133097": "us-west-2a",
                            "connection_draining": "false",
                            "connection_draining_timeout": "300",
                            "cross_zone_load_balancing": "true",
                            "dns_name": "internal-demo-webapp-elb1-253107694.us-west-2.elb.amazonaws.com",
                            "health_check.#": "1",
                            "health_check.0.healthy_threshold": "2",
                            "health_check.0.interval": "10",
                            "health_check.0.target": "HTTP:80/",
                            "health_check.0.timeout": "3",
                            "health_check.0.unhealthy_threshold": "2",
                            "id": "demo-webapp-elb1",
                            "idle_timeout": "60",
                            "instances.#": "2",
                            "instances.2870515546": "i-0f382370ff7111f1c",
                            "instances.71939980": "i-0ae074dd6f1796d01",
                            "internal": "true",
                            "listener.#": "1",
                            "listener.3057123346.instance_port": "80",
                            "listener.3057123346.instance_protocol": "http",
                            "listener.3057123346.lb_port": "80",
                            "listener.3057123346.lb_protocol": "http",
                            "listener.3057123346.ssl_certificate_id": "",
                            "name": "demo-webapp-elb1",
                            "security_groups.#": "1",
                            "security_groups.2732061811": "sg-5164272e",
                            "source_security_group": "923515617915/demo_webapp_http_inbound",
                            "source_security_group_id": "sg-5164272e",
                            "subnets.#": "1",
                            "subnets.2818256334": "subnet-f33ff48a",
                            "tags.%": "1",
                            "tags.Name": "terraform_elb",
                            "zone_id": "Z1H1FL5HABSF5"
                        },
                        "meta": {},
                        "tainted": false
                    },
                    "deposed": [],
                    "provider": "provider.aws"
                }
            },
            "depends_on": []
        },
        {
            "path": [
                "root",
                "site"
            ],
            "outputs": {
                "bastion_ssh_sg_id": {
                    "sensitive": false,
                    "type": "string",
                    "value": "sg-af6526d0"
                },
                "nat_sg_id": {
                    "sensitive": false,
                    "type": "string",
                    "value": "sg-bf6625c0"
                },
                "private_subnet_id": {
                    "sensitive": false,
                    "type": "string",
                    "value": "subnet-b63ff4cf"
                },
                "private_subnet_id1": {
                    "sensitive": false,
                    "type": "string",
                    "value": "subnet-14ac595f"
                },
                "public_subnet_id": {
                    "sensitive": false,
                    "type": "string",
                    "value": "subnet-f33ff48a"
                },
                "public_subnet_id1": {
                    "sensitive": false,
                    "type": "string",
                    "value": "subnet-a99663e2"
                },
                "ssh_from_bastion_sg_id": {
                    "sensitive": false,
                    "type": "string",
                    "value": "sg-cc6122b3"
                },
                "vpc_id": {
                    "sensitive": false,
                    "type": "string",
                    "value": "vpc-6eef7717"
                },
                "web_access_from_nat_sg_id": {
                    "sensitive": false,
                    "type": "string",
                    "value": "sg-986023e7"
                },
                "webapp_http_inbound_sg_id": {
                    "sensitive": false,
                    "type": "string",
                    "value": "sg-5164272e"
                },
                "webapp_outbound_sg_id": {
                    "sensitive": false,
                    "type": "string",
                    "value": "sg-036a297c"
                },
                "webapp_ssh_inbound_sg_id": {
                    "sensitive": false,
                    "type": "string",
                    "value": "sg-886427f7"
                }
            },
            "resources": {
                "aws_eip.nat": {
                    "type": "aws_eip",
                    "depends_on": [
                        "aws_instance.nat"
                    ],
                    "primary": {
                        "id": "eipalloc-6df93d51",
                        "attributes": {
                            "association_id": "eipassoc-28ac7dd4",
                            "domain": "vpc",
                            "id": "eipalloc-6df93d51",
                            "instance": "i-085c81b4aff128fe8",
                            "network_interface": "eni-35fb7e11",
                            "private_ip": "15.0.0.238",
                            "public_ip": "54.70.85.72",
                            "tags.%": "0",
                            "vpc": "true"
                        },
                        "meta": {},
                        "tainted": false
                    },
                    "deposed": [],
                    "provider": "provider.aws"
                },
                "aws_instance.nat": {
                    "type": "aws_instance",
                    "depends_on": [
                        "aws_security_group.nat",
                        "aws_subnet.demo_public"
                    ],
                    "primary": {
                        "id": "i-085c81b4aff128fe8",
                        "attributes": {
                            "ami": "ami-75ae8245",
                            "associate_public_ip_address": "true",
                            "availability_zone": "us-west-2a",
                            "disable_api_termination": "false",
                            "ebs_block_device.#": "0",
                            "ebs_optimized": "false",
                            "ephemeral_block_device.#": "0",
                            "iam_instance_profile": "",
                            "id": "i-085c81b4aff128fe8",
                            "instance_state": "running",
                            "instance_type": "t2.small",
                            "ipv6_addresses.#": "0",
                            "key_name": "siva",
                            "monitoring": "false",
                            "network_interface.#": "0",
                            "network_interface_id": "eni-35fb7e11",
                            "placement_group": "",
                            "primary_network_interface_id": "eni-35fb7e11",
                            "private_dns": "ip-15-0-0-238.us-west-2.compute.internal",
                            "private_ip": "15.0.0.238",
                            "public_dns": "ec2-34-217-69-4.us-west-2.compute.amazonaws.com",
                            "public_ip": "34.217.69.4",
                            "root_block_device.#": "1",
                            "root_block_device.0.delete_on_termination": "true",
                            "root_block_device.0.iops": "0",
                            "root_block_device.0.volume_id": "vol-034ad8a79cf6252f7",
                            "root_block_device.0.volume_size": "8",
                            "root_block_device.0.volume_type": "standard",
                            "security_groups.#": "0",
                            "source_dest_check": "false",
                            "subnet_id": "subnet-f33ff48a",
                            "tags.%": "1",
                            "tags.Name": "nat_instance_prod",
                            "tenancy": "default",
                            "volume_tags.%": "0",
                            "vpc_security_group_ids.#": "1",
                            "vpc_security_group_ids.3668154357": "sg-bf6625c0"
                        },
                        "meta": {
                            "e2bfb730-ecaa-11e6-8f88-34363bc7c4c0": {
                                "create": 600000000000,
                                "delete": 1200000000000,
                                "update": 600000000000
                            },
                            "schema_version": "1"
                        },
                        "tainted": false
                    },
                    "deposed": [],
                    "provider": "provider.aws"
                },
                "aws_internet_gateway.default": {
                    "type": "aws_internet_gateway",
                    "depends_on": [
                        "aws_vpc.default"
                    ],
                    "primary": {
                        "id": "igw-0e50d768",
                        "attributes": {
                            "id": "igw-0e50d768",
                            "tags.%": "1",
                            "tags.Name": "terraform_igw",
                            "vpc_id": "vpc-6eef7717"
                        },
                        "meta": {},
                        "tainted": false
                    },
                    "deposed": [],
                    "provider": "provider.aws"
                },
                "aws_route_table.demo_private": {
                    "type": "aws_route_table",
                    "depends_on": [
                        "aws_instance.nat",
                        "aws_vpc.default"
                    ],
                    "primary": {
                        "id": "rtb-19d35161",
                        "attributes": {
                            "id": "rtb-19d35161",
                            "propagating_vgws.#": "0",
                            "route.#": "1",
                            "route.2480731510.cidr_block": "0.0.0.0/0",
                            "route.2480731510.egress_only_gateway_id": "",
                            "route.2480731510.gateway_id": "",
                            "route.2480731510.instance_id": "i-085c81b4aff128fe8",
                            "route.2480731510.ipv6_cidr_block": "",
                            "route.2480731510.nat_gateway_id": "",
                            "route.2480731510.network_interface_id": "eni-35fb7e11",
                            "route.2480731510.vpc_peering_connection_id": "",
                            "tags.%": "1",
                            "tags.Name": "terraform_private_subnet_route_table",
                            "vpc_id": "vpc-6eef7717"
                        },
                        "meta": {},
                        "tainted": false
                    },
                    "deposed": [],
                    "provider": "provider.aws"
                },
                "aws_route_table.demo_private1": {
                    "type": "aws_route_table",
                    "depends_on": [
                        "aws_instance.nat",
                        "aws_vpc.default"
                    ],
                    "primary": {
                        "id": "rtb-13cc4e6b",
                        "attributes": {
                            "id": "rtb-13cc4e6b",
                            "propagating_vgws.#": "0",
                            "route.#": "1",
                            "route.2480731510.cidr_block": "0.0.0.0/0",
                            "route.2480731510.egress_only_gateway_id": "",
                            "route.2480731510.gateway_id": "",
                            "route.2480731510.instance_id": "i-085c81b4aff128fe8",
                            "route.2480731510.ipv6_cidr_block": "",
                            "route.2480731510.nat_gateway_id": "",
                            "route.2480731510.network_interface_id": "eni-35fb7e11",
                            "route.2480731510.vpc_peering_connection_id": "",
                            "tags.%": "1",
                            "tags.Name": "terraform_private_subnet_route_table",
                            "vpc_id": "vpc-6eef7717"
                        },
                        "meta": {},
                        "tainted": false
                    },
                    "deposed": [],
                    "provider": "provider.aws"
                },
                "aws_route_table.demo_public": {
                    "type": "aws_route_table",
                    "depends_on": [
                        "aws_internet_gateway.default",
                        "aws_vpc.default"
                    ],
                    "primary": {
                        "id": "rtb-d0d153a8",
                        "attributes": {
                            "id": "rtb-d0d153a8",
                            "propagating_vgws.#": "0",
                            "route.#": "1",
                            "route.3431578597.cidr_block": "0.0.0.0/0",
                            "route.3431578597.egress_only_gateway_id": "",
                            "route.3431578597.gateway_id": "igw-0e50d768",
                            "route.3431578597.instance_id": "",
                            "route.3431578597.ipv6_cidr_block": "",
                            "route.3431578597.nat_gateway_id": "",
                            "route.3431578597.network_interface_id": "",
                            "route.3431578597.vpc_peering_connection_id": "",
                            "tags.%": "1",
                            "tags.Name": "terraform_public_subnet_route_table",
                            "vpc_id": "vpc-6eef7717"
                        },
                        "meta": {},
                        "tainted": false
                    },
                    "deposed": [],
                    "provider": "provider.aws"
                },
                "aws_route_table.demo_public1": {
                    "type": "aws_route_table",
                    "depends_on": [
                        "aws_internet_gateway.default",
                        "aws_vpc.default"
                    ],
                    "primary": {
                        "id": "rtb-d6da58ae",
                        "attributes": {
                            "id": "rtb-d6da58ae",
                            "propagating_vgws.#": "0",
                            "route.#": "1",
                            "route.3431578597.cidr_block": "0.0.0.0/0",
                            "route.3431578597.egress_only_gateway_id": "",
                            "route.3431578597.gateway_id": "igw-0e50d768",
                            "route.3431578597.instance_id": "",
                            "route.3431578597.ipv6_cidr_block": "",
                            "route.3431578597.nat_gateway_id": "",
                            "route.3431578597.network_interface_id": "",
                            "route.3431578597.vpc_peering_connection_id": "",
                            "tags.%": "1",
                            "tags.Name": "terraform_public_subnet_route_table",
                            "vpc_id": "vpc-6eef7717"
                        },
                        "meta": {},
                        "tainted": false
                    },
                    "deposed": [],
                    "provider": "provider.aws"
                },
                "aws_route_table_association.demo_private": {
                    "type": "aws_route_table_association",
                    "depends_on": [
                        "aws_route_table.demo_private",
                        "aws_subnet.demo_private"
                    ],
                    "primary": {
                        "id": "rtbassoc-58bf4722",
                        "attributes": {
                            "id": "rtbassoc-58bf4722",
                            "route_table_id": "rtb-19d35161",
                            "subnet_id": "subnet-b63ff4cf"
                        },
                        "meta": {},
                        "tainted": false
                    },
                    "deposed": [],
                    "provider": "provider.aws"
                },
                "aws_route_table_association.demo_private1": {
                    "type": "aws_route_table_association",
                    "depends_on": [
                        "aws_route_table.demo_private1",
                        "aws_subnet.demo_private1"
                    ],
                    "primary": {
                        "id": "rtbassoc-30b34b4a",
                        "attributes": {
                            "id": "rtbassoc-30b34b4a",
                            "route_table_id": "rtb-13cc4e6b",
                            "subnet_id": "subnet-14ac595f"
                        },
                        "meta": {},
                        "tainted": false
                    },
                    "deposed": [],
                    "provider": "provider.aws"
                },
                "aws_route_table_association.demo_public": {
                    "type": "aws_route_table_association",
                    "depends_on": [
                        "aws_route_table.demo_public",
                        "aws_subnet.demo_public"
                    ],
                    "primary": {
                        "id": "rtbassoc-7ab14900",
                        "attributes": {
                            "id": "rtbassoc-7ab14900",
                            "route_table_id": "rtb-d0d153a8",
                            "subnet_id": "subnet-f33ff48a"
                        },
                        "meta": {},
                        "tainted": false
                    },
                    "deposed": [],
                    "provider": "provider.aws"
                },
                "aws_route_table_association.demo_public1": {
                    "type": "aws_route_table_association",
                    "depends_on": [
                        "aws_route_table.demo_public1",
                        "aws_subnet.demo_public1"
                    ],
                    "primary": {
                        "id": "rtbassoc-dea45ca4",
                        "attributes": {
                            "id": "rtbassoc-dea45ca4",
                            "route_table_id": "rtb-d6da58ae",
                            "subnet_id": "subnet-a99663e2"
                        },
                        "meta": {},
                        "tainted": false
                    },
                    "deposed": [],
                    "provider": "provider.aws"
                },
                "aws_security_group.aurora-sg": {
                    "type": "aws_security_group",
                    "depends_on": [
                        "aws_vpc.default"
                    ],
                    "primary": {
                        "id": "sg-846724fb",
                        "attributes": {
                            "description": "Managed by Terraform",
                            "egress.#": "1",
                            "egress.482069346.cidr_blocks.#": "1",
                            "egress.482069346.cidr_blocks.0": "0.0.0.0/0",
                            "egress.482069346.description": "",
                            "egress.482069346.from_port": "0",
                            "egress.482069346.ipv6_cidr_blocks.#": "0",
                            "egress.482069346.prefix_list_ids.#": "0",
                            "egress.482069346.protocol": "-1",
                            "egress.482069346.security_groups.#": "0",
                            "egress.482069346.self": "false",
                            "egress.482069346.to_port": "0",
                            "id": "sg-846724fb",
                            "ingress.#": "1",
                            "ingress.761371496.cidr_blocks.#": "1",
                            "ingress.761371496.cidr_blocks.0": "0.0.0.0/0",
                            "ingress.761371496.description": "",
                            "ingress.761371496.from_port": "5432",
                            "ingress.761371496.ipv6_cidr_blocks.#": "0",
                            "ingress.761371496.protocol": "tcp",
                            "ingress.761371496.security_groups.#": "0",
                            "ingress.761371496.self": "false",
                            "ingress.761371496.to_port": "5432",
                            "name": "aurora-security-group",
                            "owner_id": "923515617915",
                            "revoke_rules_on_delete": "false",
                            "tags.%": "0",
                            "vpc_id": "vpc-6eef7717"
                        },
                        "meta": {
                            "schema_version": "1"
                        },
                        "tainted": false
                    },
                    "deposed": [],
                    "provider": "provider.aws"
                },
                "aws_security_group.bastion_ssh_sg": {
                    "type": "aws_security_group",
                    "depends_on": [
                        "aws_vpc.default"
                    ],
                    "primary": {
                        "id": "sg-af6526d0",
                        "attributes": {
                            "description": "Allow SSH to Bastion host from approved ranges",
                            "egress.#": "1",
                            "egress.482069346.cidr_blocks.#": "1",
                            "egress.482069346.cidr_blocks.0": "0.0.0.0/0",
                            "egress.482069346.description": "",
                            "egress.482069346.from_port": "0",
                            "egress.482069346.ipv6_cidr_blocks.#": "0",
                            "egress.482069346.prefix_list_ids.#": "0",
                            "egress.482069346.protocol": "-1",
                            "egress.482069346.security_groups.#": "0",
                            "egress.482069346.self": "false",
                            "egress.482069346.to_port": "0",
                            "id": "sg-af6526d0",
                            "ingress.#": "1",
                            "ingress.2541437006.cidr_blocks.#": "1",
                            "ingress.2541437006.cidr_blocks.0": "0.0.0.0/0",
                            "ingress.2541437006.description": "",
                            "ingress.2541437006.from_port": "22",
                            "ingress.2541437006.ipv6_cidr_blocks.#": "0",
                            "ingress.2541437006.protocol": "tcp",
                            "ingress.2541437006.security_groups.#": "0",
                            "ingress.2541437006.self": "false",
                            "ingress.2541437006.to_port": "22",
                            "name": "bastion_ssh",
                            "owner_id": "923515617915",
                            "revoke_rules_on_delete": "false",
                            "tags.%": "1",
                            "tags.Name": "terraform_bastion_ssh",
                            "vpc_id": "vpc-6eef7717"
                        },
                        "meta": {
                            "schema_version": "1"
                        },
                        "tainted": false
                    },
                    "deposed": [],
                    "provider": "provider.aws"
                },
                "aws_security_group.nat": {
                    "type": "aws_security_group",
                    "depends_on": [
                        "aws_vpc.default"
                    ],
                    "primary": {
                        "id": "sg-bf6625c0",
                        "attributes": {
                            "description": "Allow traffic to pass from the private subnet to the internet",
                            "egress.#": "1",
                            "egress.482069346.cidr_blocks.#": "1",
                            "egress.482069346.cidr_blocks.0": "0.0.0.0/0",
                            "egress.482069346.description": "",
                            "egress.482069346.from_port": "0",
                            "egress.482069346.ipv6_cidr_blocks.#": "0",
                            "egress.482069346.prefix_list_ids.#": "0",
                            "egress.482069346.protocol": "-1",
                            "egress.482069346.security_groups.#": "0",
                            "egress.482069346.self": "false",
                            "egress.482069346.to_port": "0",
                            "id": "sg-bf6625c0",
                            "ingress.#": "3",
                            "ingress.1717337330.cidr_blocks.#": "1",
                            "ingress.1717337330.cidr_blocks.0": "15.0.1.0/24",
                            "ingress.1717337330.description": "",
                            "ingress.1717337330.from_port": "80",
                            "ingress.1717337330.ipv6_cidr_blocks.#": "0",
                            "ingress.1717337330.protocol": "tcp",
                            "ingress.1717337330.security_groups.#": "0",
                            "ingress.1717337330.self": "false",
                            "ingress.1717337330.to_port": "80",
                            "ingress.2321370164.cidr_blocks.#": "1",
                            "ingress.2321370164.cidr_blocks.0": "15.0.1.0/24",
                            "ingress.2321370164.description": "",
                            "ingress.2321370164.from_port": "443",
                            "ingress.2321370164.ipv6_cidr_blocks.#": "0",
                            "ingress.2321370164.protocol": "tcp",
                            "ingress.2321370164.security_groups.#": "0",
                            "ingress.2321370164.self": "false",
                            "ingress.2321370164.to_port": "443",
                            "ingress.3904819039.cidr_blocks.#": "1",
                            "ingress.3904819039.cidr_blocks.0": "15.0.1.0/24",
                            "ingress.3904819039.description": "",
                            "ingress.3904819039.from_port": "-1",
                            "ingress.3904819039.ipv6_cidr_blocks.#": "0",
                            "ingress.3904819039.protocol": "icmp",
                            "ingress.3904819039.security_groups.#": "0",
                            "ingress.3904819039.self": "false",
                            "ingress.3904819039.to_port": "-1",
                            "name": "vpc_nat",
                            "owner_id": "923515617915",
                            "revoke_rules_on_delete": "false",
                            "tags.%": "1",
                            "tags.Name": "terraform",
                            "vpc_id": "vpc-6eef7717"
                        },
                        "meta": {
                            "schema_version": "1"
                        },
                        "tainted": false
                    },
                    "deposed": [],
                    "provider": "provider.aws"
                },
                "aws_security_group.ssh_from_bastion_sg": {
                    "type": "aws_security_group",
                    "depends_on": [
                        "aws_security_group.bastion_ssh_sg",
                        "aws_security_group.nat",
                        "aws_vpc.default"
                    ],
                    "primary": {
                        "id": "sg-cc6122b3",
                        "attributes": {
                            "description": "Allow SSH from Bastion host(s)",
                            "egress.#": "0",
                            "id": "sg-cc6122b3",
                            "ingress.#": "1",
                            "ingress.2073649290.cidr_blocks.#": "0",
                            "ingress.2073649290.description": "",
                            "ingress.2073649290.from_port": "22",
                            "ingress.2073649290.ipv6_cidr_blocks.#": "0",
                            "ingress.2073649290.protocol": "tcp",
                            "ingress.2073649290.security_groups.#": "2",
                            "ingress.2073649290.security_groups.1586217560": "sg-af6526d0",
                            "ingress.2073649290.security_groups.3668154357": "sg-bf6625c0",
                            "ingress.2073649290.self": "false",
                            "ingress.2073649290.to_port": "22",
                            "name": "ssh_from_bastion",
                            "owner_id": "923515617915",
                            "revoke_rules_on_delete": "false",
                            "tags.%": "1",
                            "tags.Name": "terraform_ssh_from_bastion",
                            "vpc_id": "vpc-6eef7717"
                        },
                        "meta": {
                            "schema_version": "1"
                        },
                        "tainted": false
                    },
                    "deposed": [],
                    "provider": "provider.aws"
                },
                "aws_security_group.web_access_from_nat_sg": {
                    "type": "aws_security_group",
                    "depends_on": [
                        "aws_subnet.demo_public",
                        "aws_vpc.default"
                    ],
                    "primary": {
                        "id": "sg-986023e7",
                        "attributes": {
                            "description": "Allow web access to the private subnet from the public subnet (via NAT instance)",
                            "egress.#": "1",
                            "egress.482069346.cidr_blocks.#": "1",
                            "egress.482069346.cidr_blocks.0": "0.0.0.0/0",
                            "egress.482069346.description": "",
                            "egress.482069346.from_port": "0",
                            "egress.482069346.ipv6_cidr_blocks.#": "0",
                            "egress.482069346.prefix_list_ids.#": "0",
                            "egress.482069346.protocol": "-1",
                            "egress.482069346.security_groups.#": "0",
                            "egress.482069346.self": "false",
                            "egress.482069346.to_port": "0",
                            "id": "sg-986023e7",
                            "ingress.#": "3",
                            "ingress.1321845995.cidr_blocks.#": "1",
                            "ingress.1321845995.cidr_blocks.0": "15.0.0.0/24",
                            "ingress.1321845995.description": "",
                            "ingress.1321845995.from_port": "-1",
                            "ingress.1321845995.ipv6_cidr_blocks.#": "0",
                            "ingress.1321845995.protocol": "icmp",
                            "ingress.1321845995.security_groups.#": "0",
                            "ingress.1321845995.self": "false",
                            "ingress.1321845995.to_port": "-1",
                            "ingress.3224074054.cidr_blocks.#": "1",
                            "ingress.3224074054.cidr_blocks.0": "15.0.0.0/24",
                            "ingress.3224074054.description": "",
                            "ingress.3224074054.from_port": "80",
                            "ingress.3224074054.ipv6_cidr_blocks.#": "0",
                            "ingress.3224074054.protocol": "tcp",
                            "ingress.3224074054.security_groups.#": "0",
                            "ingress.3224074054.self": "false",
                            "ingress.3224074054.to_port": "80",
                            "ingress.740968320.cidr_blocks.#": "1",
                            "ingress.740968320.cidr_blocks.0": "15.0.0.0/24",
                            "ingress.740968320.description": "",
                            "ingress.740968320.from_port": "443",
                            "ingress.740968320.ipv6_cidr_blocks.#": "0",
                            "ingress.740968320.protocol": "tcp",
                            "ingress.740968320.security_groups.#": "0",
                            "ingress.740968320.self": "false",
                            "ingress.740968320.to_port": "443",
                            "name": "private_subnet_web_access",
                            "owner_id": "923515617915",
                            "revoke_rules_on_delete": "false",
                            "tags.%": "1",
                            "tags.Name": "terraform",
                            "vpc_id": "vpc-6eef7717"
                        },
                        "meta": {
                            "schema_version": "1"
                        },
                        "tainted": false
                    },
                    "deposed": [],
                    "provider": "provider.aws"
                },
                "aws_security_group.webapp_http_inbound_sg": {
                    "type": "aws_security_group",
                    "depends_on": [
                        "aws_vpc.default"
                    ],
                    "primary": {
                        "id": "sg-5164272e",
                        "attributes": {
                            "description": "Allow HTTP from Anywhere",
                            "egress.#": "1",
                            "egress.482069346.cidr_blocks.#": "1",
                            "egress.482069346.cidr_blocks.0": "0.0.0.0/0",
                            "egress.482069346.description": "",
                            "egress.482069346.from_port": "0",
                            "egress.482069346.ipv6_cidr_blocks.#": "0",
                            "egress.482069346.prefix_list_ids.#": "0",
                            "egress.482069346.protocol": "-1",
                            "egress.482069346.security_groups.#": "0",
                            "egress.482069346.self": "false",
                            "egress.482069346.to_port": "0",
                            "id": "sg-5164272e",
                            "ingress.#": "1",
                            "ingress.2214680975.cidr_blocks.#": "1",
                            "ingress.2214680975.cidr_blocks.0": "0.0.0.0/0",
                            "ingress.2214680975.description": "",
                            "ingress.2214680975.from_port": "80",
                            "ingress.2214680975.ipv6_cidr_blocks.#": "0",
                            "ingress.2214680975.protocol": "tcp",
                            "ingress.2214680975.security_groups.#": "0",
                            "ingress.2214680975.self": "false",
                            "ingress.2214680975.to_port": "80",
                            "name": "demo_webapp_http_inbound",
                            "owner_id": "923515617915",
                            "revoke_rules_on_delete": "false",
                            "tags.%": "1",
                            "tags.Name": "terraform_demo_webapp_http_inbound",
                            "vpc_id": "vpc-6eef7717"
                        },
                        "meta": {
                            "schema_version": "1"
                        },
                        "tainted": false
                    },
                    "deposed": [],
                    "provider": "provider.aws"
                },
                "aws_security_group.webapp_outbound_sg": {
                    "type": "aws_security_group",
                    "depends_on": [
                        "aws_vpc.default"
                    ],
                    "primary": {
                        "id": "sg-036a297c",
                        "attributes": {
                            "description": "Allow outbound connections",
                            "egress.#": "1",
                            "egress.482069346.cidr_blocks.#": "1",
                            "egress.482069346.cidr_blocks.0": "0.0.0.0/0",
                            "egress.482069346.description": "",
                            "egress.482069346.from_port": "0",
                            "egress.482069346.ipv6_cidr_blocks.#": "0",
                            "egress.482069346.prefix_list_ids.#": "0",
                            "egress.482069346.protocol": "-1",
                            "egress.482069346.security_groups.#": "0",
                            "egress.482069346.self": "false",
                            "egress.482069346.to_port": "0",
                            "id": "sg-036a297c",
                            "ingress.#": "0",
                            "name": "demo_webapp_outbound",
                            "owner_id": "923515617915",
                            "revoke_rules_on_delete": "false",
                            "tags.%": "1",
                            "tags.Name": "terraform_demo_webapp_outbound",
                            "vpc_id": "vpc-6eef7717"
                        },
                        "meta": {
                            "schema_version": "1"
                        },
                        "tainted": false
                    },
                    "deposed": [],
                    "provider": "provider.aws"
                },
                "aws_security_group.webapp_ssh_inbound_sg": {
                    "type": "aws_security_group",
                    "depends_on": [
                        "aws_vpc.default"
                    ],
                    "primary": {
                        "id": "sg-886427f7",
                        "attributes": {
                            "description": "Allow SSH from certain ranges",
                            "egress.#": "0",
                            "id": "sg-886427f7",
                            "ingress.#": "1",
                            "ingress.2541437006.cidr_blocks.#": "1",
                            "ingress.2541437006.cidr_blocks.0": "0.0.0.0/0",
                            "ingress.2541437006.description": "",
                            "ingress.2541437006.from_port": "22",
                            "ingress.2541437006.ipv6_cidr_blocks.#": "0",
                            "ingress.2541437006.protocol": "tcp",
                            "ingress.2541437006.security_groups.#": "0",
                            "ingress.2541437006.self": "false",
                            "ingress.2541437006.to_port": "22",
                            "name": "demo_webapp_ssh_inbound",
                            "owner_id": "923515617915",
                            "revoke_rules_on_delete": "false",
                            "tags.%": "1",
                            "tags.Name": "terraform_demo_webapp_ssh_inbound",
                            "vpc_id": "vpc-6eef7717"
                        },
                        "meta": {
                            "schema_version": "1"
                        },
                        "tainted": false
                    },
                    "deposed": [],
                    "provider": "provider.aws"
                },
                "aws_subnet.demo_private": {
                    "type": "aws_subnet",
                    "depends_on": [
                        "aws_vpc.default"
                    ],
                    "primary": {
                        "id": "subnet-b63ff4cf",
                        "attributes": {
                            "assign_ipv6_address_on_creation": "false",
                            "availability_zone": "us-west-2a",
                            "cidr_block": "15.0.1.0/24",
                            "id": "subnet-b63ff4cf",
                            "map_public_ip_on_launch": "false",
                            "tags.%": "1",
                            "tags.Name": "terraform_private_subnet",
                            "vpc_id": "vpc-6eef7717"
                        },
                        "meta": {
                            "schema_version": "1"
                        },
                        "tainted": false
                    },
                    "deposed": [],
                    "provider": "provider.aws"
                },
                "aws_subnet.demo_private1": {
                    "type": "aws_subnet",
                    "depends_on": [
                        "aws_vpc.default"
                    ],
                    "primary": {
                        "id": "subnet-14ac595f",
                        "attributes": {
                            "assign_ipv6_address_on_creation": "false",
                            "availability_zone": "us-west-2b",
                            "cidr_block": "15.0.2.0/24",
                            "id": "subnet-14ac595f",
                            "map_public_ip_on_launch": "false",
                            "tags.%": "1",
                            "tags.Name": "terraform_private_subnet1",
                            "vpc_id": "vpc-6eef7717"
                        },
                        "meta": {
                            "schema_version": "1"
                        },
                        "tainted": false
                    },
                    "deposed": [],
                    "provider": "provider.aws"
                },
                "aws_subnet.demo_public": {
                    "type": "aws_subnet",
                    "depends_on": [
                        "aws_vpc.default"
                    ],
                    "primary": {
                        "id": "subnet-f33ff48a",
                        "attributes": {
                            "assign_ipv6_address_on_creation": "false",
                            "availability_zone": "us-west-2a",
                            "cidr_block": "15.0.0.0/24",
                            "id": "subnet-f33ff48a",
                            "map_public_ip_on_launch": "false",
                            "tags.%": "1",
                            "tags.Name": "public_subnet-2a",
                            "vpc_id": "vpc-6eef7717"
                        },
                        "meta": {
                            "schema_version": "1"
                        },
                        "tainted": false
                    },
                    "deposed": [],
                    "provider": "provider.aws"
                },
                "aws_subnet.demo_public1": {
                    "type": "aws_subnet",
                    "depends_on": [
                        "aws_vpc.default"
                    ],
                    "primary": {
                        "id": "subnet-a99663e2",
                        "attributes": {
                            "assign_ipv6_address_on_creation": "false",
                            "availability_zone": "us-west-2b",
                            "cidr_block": "15.0.3.0/24",
                            "id": "subnet-a99663e2",
                            "map_public_ip_on_launch": "false",
                            "tags.%": "1",
                            "tags.Name": "public_subnet-2b",
                            "vpc_id": "vpc-6eef7717"
                        },
                        "meta": {
                            "schema_version": "1"
                        },
                        "tainted": false
                    },
                    "deposed": [],
                    "provider": "provider.aws"
                },
                "aws_vpc.default": {
                    "type": "aws_vpc",
                    "depends_on": [],
                    "primary": {
                        "id": "vpc-6eef7717",
                        "attributes": {
                            "assign_generated_ipv6_cidr_block": "false",
                            "cidr_block": "15.0.0.0/16",
                            "default_network_acl_id": "acl-837e67fa",
                            "default_route_table_id": "rtb-4fcf4d37",
                            "default_security_group_id": "sg-d46122ab",
                            "dhcp_options_id": "dopt-dbe981bc",
                            "enable_classiclink": "false",
                            "enable_classiclink_dns_support": "false",
                            "enable_dns_hostnames": "true",
                            "enable_dns_support": "true",
                            "id": "vpc-6eef7717",
                            "instance_tenancy": "default",
                            "main_route_table_id": "rtb-4fcf4d37",
                            "tags.%": "1",
                            "tags.Name": "terraform_vpc"
                        },
                        "meta": {
                            "schema_version": "1"
                        },
                        "tainted": false
                    },
                    "deposed": [],
                    "provider": "provider.aws"
                }
            },
            "depends_on": []
        }
    ]
}
